
Microsoft Visual Studio Solution File, Format Version 12.00
# Visual Studio Version 16
VisualStudioVersion = 16.0.30225.117
MinimumVisualStudioVersion = 10.0.40219.1
Project("{2150E333-8FDC-42A3-9474-1A3956D46DE8}") = "task01_NET_Declaring_and_calling_methods", "task01_NET_Declaring_and_calling_methods", "{49F86CA5-29D6-43FB-8D94-C568F5E85E5D}"
EndProject
Project("{FAE04EC0-301F-11D3-BF4B-00C04F79EFBC}") = "EuclideanAlgo", "EuclideanAlgo\EuclideanAlgo.csproj", "{6A58B6E9-1CB3-4BFC-8AAE-8A5D560D18FD}"
EndProject
Project("{FAE04EC0-301F-11D3-BF4B-00C04F79EFBC}") = "UnitTests_EuclideanAlgo", "UnitTests_EuclideanAlgo\UnitTests_EuclideanAlgo.csproj", "{CC57A3AE-62C3-442A-A148-1F943B70E7AD}"
EndProject
Project("{FAE04EC0-301F-11D3-BF4B-00C04F79EFBC}") = "Shapes", "GeometricalFigures\Shapes.csproj", "{FEF7EA05-7C07-4200-9613-5F6695E04C04}"
EndProject
Project("{FAE04EC0-301F-11D3-BF4B-00C04F79EFBC}") = "ShapesUtilities", "ShapesParser\ShapesUtilities.csproj", "{960CF6DF-1265-45A5-805B-2458302A130F}"
EndProject
Project("{FAE04EC0-301F-11D3-BF4B-00C04F79EFBC}") = "UnitTests_Shapes", "UnitTests_Shapes\UnitTests_Shapes.csproj", "{84E8D97D-5D71-4F82-AFC5-30FC329A55C0}"
EndProject
Global
	GlobalSection(SolutionConfigurationPlatforms) = preSolution
		Debug|Any CPU = Debug|Any CPU
		Release|Any CPU = Release|Any CPU
	EndGlobalSection
	GlobalSection(ProjectConfigurationPlatforms) = postSolution
		{6A58B6E9-1CB3-4BFC-8AAE-8A5D560D18FD}.Debug|Any CPU.ActiveCfg = Debug|Any CPU
		{6A58B6E9-1CB3-4BFC-8AAE-8A5D560D18FD}.Debug|Any CPU.Build.0 = Debug|Any CPU
		{6A58B6E9-1CB3-4BFC-8AAE-8A5D560D18FD}.Release|Any CPU.ActiveCfg = Release|Any CPU
		{6A58B6E9-1CB3-4BFC-8AAE-8A5D560D18FD}.Release|Any CPU.Build.0 = Release|Any CPU
		{CC57A3AE-62C3-442A-A148-1F943B70E7AD}.Debug|Any CPU.ActiveCfg = Debug|Any CPU
		{CC57A3AE-62C3-442A-A148-1F943B70E7AD}.Debug|Any CPU.Build.0 = Debug|Any CPU
		{CC57A3AE-62C3-442A-A148-1F943B70E7AD}.Release|Any CPU.ActiveCfg = Release|Any CPU
		{CC57A3AE-62C3-442A-A148-1F943B70E7AD}.Release|Any CPU.Build.0 = Release|Any CPU
		{FEF7EA05-7C07-4200-9613-5F6695E04C04}.Debug|Any CPU.ActiveCfg = Debug|Any CPU
		{FEF7EA05-7C07-4200-9613-5F6695E04C04}.Debug|Any CPU.Build.0 = Debug|Any CPU
		{FEF7EA05-7C07-4200-9613-5F6695E04C04}.Release|Any CPU.ActiveCfg = Release|Any CPU
		{FEF7EA05-7C07-4200-9613-5F6695E04C04}.Release|Any CPU.Build.0 = Release|Any CPU
		{960CF6DF-1265-45A5-805B-2458302A130F}.Debug|Any CPU.ActiveCfg = Debug|Any CPU
		{960CF6DF-1265-45A5-805B-2458302A130F}.Debug|Any CPU.Build.0 = Debug|Any CPU
		{960CF6DF-1265-45A5-805B-2458302A130F}.Release|Any CPU.ActiveCfg = Release|Any CPU
		{960CF6DF-1265-45A5-805B-2458302A130F}.Release|Any CPU.Build.0 = Release|Any CPU
		{84E8D97D-5D71-4F82-AFC5-30FC329A55C0}.Debug|Any CPU.ActiveCfg = Debug|Any CPU
		{84E8D97D-5D71-4F82-AFC5-30FC329A55C0}.Debug|Any CPU.Build.0 = Debug|Any CPU
		{84E8D97D-5D71-4F82-AFC5-30FC329A55C0}.Release|Any CPU.ActiveCfg = Release|Any CPU
		{84E8D97D-5D71-4F82-AFC5-30FC329A55C0}.Release|Any CPU.Build.0 = Release|Any CPU
	EndGlobalSection
	GlobalSection(SolutionProperties) = preSolution
		HideSolutionNode = FALSE
	EndGlobalSection
	GlobalSection(NestedProjects) = preSolution
		{6A58B6E9-1CB3-4BFC-8AAE-8A5D560D18FD} = {49F86CA5-29D6-43FB-8D94-C568F5E85E5D}
		{CC57A3AE-62C3-442A-A148-1F943B70E7AD} = {49F86CA5-29D6-43FB-8D94-C568F5E85E5D}
		{FEF7EA05-7C07-4200-9613-5F6695E04C04} = {49F86CA5-29D6-43FB-8D94-C568F5E85E5D}
		{960CF6DF-1265-45A5-805B-2458302A130F} = {49F86CA5-29D6-43FB-8D94-C568F5E85E5D}
		{84E8D97D-5D71-4F82-AFC5-30FC329A55C0} = {49F86CA5-29D6-43FB-8D94-C568F5E85E5D}
	EndGlobalSection
	GlobalSection(ExtensibilityGlobals) = postSolution
		SolutionGuid = {9008F188-1616-4B42-AFA5-E5B492673C98}
	EndGlobalSection
EndGlobal
