
Microsoft Visual Studio Solution File, Format Version 12.00
# Visual Studio Version 16
VisualStudioVersion = 16.0.30225.117
MinimumVisualStudioVersion = 10.0.40219.1
Project("{2150E333-8FDC-42A3-9474-1A3956D46DE8}") = "task02_NET_Operations_overload", "task02_NET_Operations_overload", "{EA9F75D7-4310-4AC5-A041-191411905DF0}"
EndProject
Project("{FAE04EC0-301F-11D3-BF4B-00C04F79EFBC}") = "MathTypes", "MathTypes\MathTypes.csproj", "{9507FD3B-812C-4401-8726-87F8A94AD7CC}"
EndProject
Project("{FAE04EC0-301F-11D3-BF4B-00C04F79EFBC}") = "UnitTests_MathTypes", "UnitTests_MathTypes\UnitTests_MathTypes.csproj", "{B87D9897-B411-4AF2-95C6-F56D0B0A8B43}"
EndProject
Project("{FAE04EC0-301F-11D3-BF4B-00C04F79EFBC}") = "ShopProducts", "ShopProducts\ShopProducts.csproj", "{DD5B5F22-948D-4D1F-82E6-51E9DB87D83F}"
EndProject
Global
	GlobalSection(SolutionConfigurationPlatforms) = preSolution
		Debug|Any CPU = Debug|Any CPU
		Release|Any CPU = Release|Any CPU
	EndGlobalSection
	GlobalSection(ProjectConfigurationPlatforms) = postSolution
		{9507FD3B-812C-4401-8726-87F8A94AD7CC}.Debug|Any CPU.ActiveCfg = Debug|Any CPU
		{9507FD3B-812C-4401-8726-87F8A94AD7CC}.Debug|Any CPU.Build.0 = Debug|Any CPU
		{9507FD3B-812C-4401-8726-87F8A94AD7CC}.Release|Any CPU.ActiveCfg = Release|Any CPU
		{9507FD3B-812C-4401-8726-87F8A94AD7CC}.Release|Any CPU.Build.0 = Release|Any CPU
		{B87D9897-B411-4AF2-95C6-F56D0B0A8B43}.Debug|Any CPU.ActiveCfg = Debug|Any CPU
		{B87D9897-B411-4AF2-95C6-F56D0B0A8B43}.Debug|Any CPU.Build.0 = Debug|Any CPU
		{B87D9897-B411-4AF2-95C6-F56D0B0A8B43}.Release|Any CPU.ActiveCfg = Release|Any CPU
		{B87D9897-B411-4AF2-95C6-F56D0B0A8B43}.Release|Any CPU.Build.0 = Release|Any CPU
		{DD5B5F22-948D-4D1F-82E6-51E9DB87D83F}.Debug|Any CPU.ActiveCfg = Debug|Any CPU
		{DD5B5F22-948D-4D1F-82E6-51E9DB87D83F}.Debug|Any CPU.Build.0 = Debug|Any CPU
		{DD5B5F22-948D-4D1F-82E6-51E9DB87D83F}.Release|Any CPU.ActiveCfg = Release|Any CPU
		{DD5B5F22-948D-4D1F-82E6-51E9DB87D83F}.Release|Any CPU.Build.0 = Release|Any CPU
	EndGlobalSection
	GlobalSection(SolutionProperties) = preSolution
		HideSolutionNode = FALSE
	EndGlobalSection
	GlobalSection(NestedProjects) = preSolution
		{9507FD3B-812C-4401-8726-87F8A94AD7CC} = {EA9F75D7-4310-4AC5-A041-191411905DF0}
		{B87D9897-B411-4AF2-95C6-F56D0B0A8B43} = {EA9F75D7-4310-4AC5-A041-191411905DF0}
		{DD5B5F22-948D-4D1F-82E6-51E9DB87D83F} = {EA9F75D7-4310-4AC5-A041-191411905DF0}
	EndGlobalSection
	GlobalSection(ExtensibilityGlobals) = postSolution
		SolutionGuid = {9008F188-1616-4B42-AFA5-E5B492673C98}
	EndGlobalSection
EndGlobal
